
Microsoft Visual Studio Solution File, Format Version 12.00
# Visual Studio 14
VisualStudioVersion = 14.0.25123.0
MinimumVisualStudioVersion = 10.0.40219.1
Project("{FAE04EC0-301F-11D3-BF4B-00C04F79EFBC}") = "2-XAML", "2-XAML\2-XAML.csproj", "{93497389-BB52-440A-866A-6DA0CB47AF31}"
EndProject
Project("{FAE04EC0-301F-11D3-BF4B-00C04F79EFBC}") = "3-Binding", "3-Binding\3-Binding.csproj", "{9EA5D2F7-EE6B-401A-B716-27D4CE7F3927}"
EndProject
Project("{FAE04EC0-301F-11D3-BF4B-00C04F79EFBC}") = "4-Json", "4-Json\4-Json.csproj", "{179BA3D4-45FA-4729-B2B4-B0144AB3822D}"
EndProject
Project("{FAE04EC0-301F-11D3-BF4B-00C04F79EFBC}") = "5-Collection", "5-Collection\5-Collection.csproj", "{4CA84F25-6194-46DD-9FF0-B6EF183F3471}"
EndProject
Project("{FAE04EC0-301F-11D3-BF4B-00C04F79EFBC}") = "6-Tile", "6-Tile\6-Tile.csproj", "{B3CDB27D-7AB7-42BC-8387-90C26F0D609B}"
EndProject
Project("{FAE04EC0-301F-11D3-BF4B-00C04F79EFBC}") = "7-Badge", "7-Badge\7-Badge.csproj", "{62494DAB-6359-42E7-967F-1E2DB47F3ABF}"
EndProject
Project("{FAE04EC0-301F-11D3-BF4B-00C04F79EFBC}") = "8-Notification", "8-Notification\8-Notification.csproj", "{675353C2-EE85-45D1-B8F4-1AEEFB9CF0B2}"
EndProject
Project("{FAE04EC0-301F-11D3-BF4B-00C04F79EFBC}") = "9-Share", "9-Share\9-Share.csproj", "{EC6FB4CF-9E70-4953-AB24-190F16FAA742}"
EndProject
Project("{FAE04EC0-301F-11D3-BF4B-00C04F79EFBC}") = "10-Maps", "10-Maps\10-Maps.csproj", "{DBC8724A-F1B9-4726-A88E-1C3F0C40624A}"
EndProject
Global
	GlobalSection(SolutionConfigurationPlatforms) = preSolution
		Debug|ARM = Debug|ARM
		Debug|x64 = Debug|x64
		Debug|x86 = Debug|x86
		Release|ARM = Release|ARM
		Release|x64 = Release|x64
		Release|x86 = Release|x86
	EndGlobalSection
	GlobalSection(ProjectConfigurationPlatforms) = postSolution
		{93497389-BB52-440A-866A-6DA0CB47AF31}.Debug|ARM.ActiveCfg = Debug|ARM
		{93497389-BB52-440A-866A-6DA0CB47AF31}.Debug|ARM.Build.0 = Debug|ARM
		{93497389-BB52-440A-866A-6DA0CB47AF31}.Debug|ARM.Deploy.0 = Debug|ARM
		{93497389-BB52-440A-866A-6DA0CB47AF31}.Debug|x64.ActiveCfg = Debug|x64
		{93497389-BB52-440A-866A-6DA0CB47AF31}.Debug|x64.Build.0 = Debug|x64
		{93497389-BB52-440A-866A-6DA0CB47AF31}.Debug|x64.Deploy.0 = Debug|x64
		{93497389-BB52-440A-866A-6DA0CB47AF31}.Debug|x86.ActiveCfg = Debug|x86
		{93497389-BB52-440A-866A-6DA0CB47AF31}.Debug|x86.Build.0 = Debug|x86
		{93497389-BB52-440A-866A-6DA0CB47AF31}.Debug|x86.Deploy.0 = Debug|x86
		{93497389-BB52-440A-866A-6DA0CB47AF31}.Release|ARM.ActiveCfg = Release|ARM
		{93497389-BB52-440A-866A-6DA0CB47AF31}.Release|ARM.Build.0 = Release|ARM
		{93497389-BB52-440A-866A-6DA0CB47AF31}.Release|ARM.Deploy.0 = Release|ARM
		{93497389-BB52-440A-866A-6DA0CB47AF31}.Release|x64.ActiveCfg = Release|x64
		{93497389-BB52-440A-866A-6DA0CB47AF31}.Release|x64.Build.0 = Release|x64
		{93497389-BB52-440A-866A-6DA0CB47AF31}.Release|x64.Deploy.0 = Release|x64
		{93497389-BB52-440A-866A-6DA0CB47AF31}.Release|x86.ActiveCfg = Release|x86
		{93497389-BB52-440A-866A-6DA0CB47AF31}.Release|x86.Build.0 = Release|x86
		{93497389-BB52-440A-866A-6DA0CB47AF31}.Release|x86.Deploy.0 = Release|x86
		{9EA5D2F7-EE6B-401A-B716-27D4CE7F3927}.Debug|ARM.ActiveCfg = Debug|ARM
		{9EA5D2F7-EE6B-401A-B716-27D4CE7F3927}.Debug|ARM.Build.0 = Debug|ARM
		{9EA5D2F7-EE6B-401A-B716-27D4CE7F3927}.Debug|ARM.Deploy.0 = Debug|ARM
		{9EA5D2F7-EE6B-401A-B716-27D4CE7F3927}.Debug|x64.ActiveCfg = Debug|x64
		{9EA5D2F7-EE6B-401A-B716-27D4CE7F3927}.Debug|x64.Build.0 = Debug|x64
		{9EA5D2F7-EE6B-401A-B716-27D4CE7F3927}.Debug|x64.Deploy.0 = Debug|x64
		{9EA5D2F7-EE6B-401A-B716-27D4CE7F3927}.Debug|x86.ActiveCfg = Debug|x86
		{9EA5D2F7-EE6B-401A-B716-27D4CE7F3927}.Debug|x86.Build.0 = Debug|x86
		{9EA5D2F7-EE6B-401A-B716-27D4CE7F3927}.Debug|x86.Deploy.0 = Debug|x86
		{9EA5D2F7-EE6B-401A-B716-27D4CE7F3927}.Release|ARM.ActiveCfg = Release|ARM
		{9EA5D2F7-EE6B-401A-B716-27D4CE7F3927}.Release|ARM.Build.0 = Release|ARM
		{9EA5D2F7-EE6B-401A-B716-27D4CE7F3927}.Release|ARM.Deploy.0 = Release|ARM
		{9EA5D2F7-EE6B-401A-B716-27D4CE7F3927}.Release|x64.ActiveCfg = Release|x64
		{9EA5D2F7-EE6B-401A-B716-27D4CE7F3927}.Release|x64.Build.0 = Release|x64
		{9EA5D2F7-EE6B-401A-B716-27D4CE7F3927}.Release|x64.Deploy.0 = Release|x64
		{9EA5D2F7-EE6B-401A-B716-27D4CE7F3927}.Release|x86.ActiveCfg = Release|x86
		{9EA5D2F7-EE6B-401A-B716-27D4CE7F3927}.Release|x86.Build.0 = Release|x86
		{9EA5D2F7-EE6B-401A-B716-27D4CE7F3927}.Release|x86.Deploy.0 = Release|x86
		{179BA3D4-45FA-4729-B2B4-B0144AB3822D}.Debug|ARM.ActiveCfg = Debug|ARM
		{179BA3D4-45FA-4729-B2B4-B0144AB3822D}.Debug|ARM.Build.0 = Debug|ARM
		{179BA3D4-45FA-4729-B2B4-B0144AB3822D}.Debug|ARM.Deploy.0 = Debug|ARM
		{179BA3D4-45FA-4729-B2B4-B0144AB3822D}.Debug|x64.ActiveCfg = Debug|x64
		{179BA3D4-45FA-4729-B2B4-B0144AB3822D}.Debug|x64.Build.0 = Debug|x64
		{179BA3D4-45FA-4729-B2B4-B0144AB3822D}.Debug|x64.Deploy.0 = Debug|x64
		{179BA3D4-45FA-4729-B2B4-B0144AB3822D}.Debug|x86.ActiveCfg = Debug|x86
		{179BA3D4-45FA-4729-B2B4-B0144AB3822D}.Debug|x86.Build.0 = Debug|x86
		{179BA3D4-45FA-4729-B2B4-B0144AB3822D}.Debug|x86.Deploy.0 = Debug|x86
		{179BA3D4-45FA-4729-B2B4-B0144AB3822D}.Release|ARM.ActiveCfg = Release|ARM
		{179BA3D4-45FA-4729-B2B4-B0144AB3822D}.Release|ARM.Build.0 = Release|ARM
		{179BA3D4-45FA-4729-B2B4-B0144AB3822D}.Release|ARM.Deploy.0 = Release|ARM
		{179BA3D4-45FA-4729-B2B4-B0144AB3822D}.Release|x64.ActiveCfg = Release|x64
		{179BA3D4-45FA-4729-B2B4-B0144AB3822D}.Release|x64.Build.0 = Release|x64
		{179BA3D4-45FA-4729-B2B4-B0144AB3822D}.Release|x64.Deploy.0 = Release|x64
		{179BA3D4-45FA-4729-B2B4-B0144AB3822D}.Release|x86.ActiveCfg = Release|x86
		{179BA3D4-45FA-4729-B2B4-B0144AB3822D}.Release|x86.Build.0 = Release|x86
		{179BA3D4-45FA-4729-B2B4-B0144AB3822D}.Release|x86.Deploy.0 = Release|x86
		{4CA84F25-6194-46DD-9FF0-B6EF183F3471}.Debug|ARM.ActiveCfg = Debug|ARM
		{4CA84F25-6194-46DD-9FF0-B6EF183F3471}.Debug|ARM.Build.0 = Debug|ARM
		{4CA84F25-6194-46DD-9FF0-B6EF183F3471}.Debug|ARM.Deploy.0 = Debug|ARM
		{4CA84F25-6194-46DD-9FF0-B6EF183F3471}.Debug|x64.ActiveCfg = Debug|x64
		{4CA84F25-6194-46DD-9FF0-B6EF183F3471}.Debug|x64.Build.0 = Debug|x64
		{4CA84F25-6194-46DD-9FF0-B6EF183F3471}.Debug|x64.Deploy.0 = Debug|x64
		{4CA84F25-6194-46DD-9FF0-B6EF183F3471}.Debug|x86.ActiveCfg = Debug|x86
		{4CA84F25-6194-46DD-9FF0-B6EF183F3471}.Debug|x86.Build.0 = Debug|x86
		{4CA84F25-6194-46DD-9FF0-B6EF183F3471}.Debug|x86.Deploy.0 = Debug|x86
		{4CA84F25-6194-46DD-9FF0-B6EF183F3471}.Release|ARM.ActiveCfg = Release|ARM
		{4CA84F25-6194-46DD-9FF0-B6EF183F3471}.Release|ARM.Build.0 = Release|ARM
		{4CA84F25-6194-46DD-9FF0-B6EF183F3471}.Release|ARM.Deploy.0 = Release|ARM
		{4CA84F25-6194-46DD-9FF0-B6EF183F3471}.Release|x64.ActiveCfg = Release|x64
		{4CA84F25-6194-46DD-9FF0-B6EF183F3471}.Release|x64.Build.0 = Release|x64
		{4CA84F25-6194-46DD-9FF0-B6EF183F3471}.Release|x64.Deploy.0 = Release|x64
		{4CA84F25-6194-46DD-9FF0-B6EF183F3471}.Release|x86.ActiveCfg = Release|x86
		{4CA84F25-6194-46DD-9FF0-B6EF183F3471}.Release|x86.Build.0 = Release|x86
		{4CA84F25-6194-46DD-9FF0-B6EF183F3471}.Release|x86.Deploy.0 = Release|x86
		{B3CDB27D-7AB7-42BC-8387-90C26F0D609B}.Debug|ARM.ActiveCfg = Debug|ARM
		{B3CDB27D-7AB7-42BC-8387-90C26F0D609B}.Debug|ARM.Build.0 = Debug|ARM
		{B3CDB27D-7AB7-42BC-8387-90C26F0D609B}.Debug|ARM.Deploy.0 = Debug|ARM
		{B3CDB27D-7AB7-42BC-8387-90C26F0D609B}.Debug|x64.ActiveCfg = Debug|x64
		{B3CDB27D-7AB7-42BC-8387-90C26F0D609B}.Debug|x64.Build.0 = Debug|x64
		{B3CDB27D-7AB7-42BC-8387-90C26F0D609B}.Debug|x64.Deploy.0 = Debug|x64
		{B3CDB27D-7AB7-42BC-8387-90C26F0D609B}.Debug|x86.ActiveCfg = Debug|x86
		{B3CDB27D-7AB7-42BC-8387-90C26F0D609B}.Debug|x86.Build.0 = Debug|x86
		{B3CDB27D-7AB7-42BC-8387-90C26F0D609B}.Debug|x86.Deploy.0 = Debug|x86
		{B3CDB27D-7AB7-42BC-8387-90C26F0D609B}.Release|ARM.ActiveCfg = Release|ARM
		{B3CDB27D-7AB7-42BC-8387-90C26F0D609B}.Release|ARM.Build.0 = Release|ARM
		{B3CDB27D-7AB7-42BC-8387-90C26F0D609B}.Release|ARM.Deploy.0 = Release|ARM
		{B3CDB27D-7AB7-42BC-8387-90C26F0D609B}.Release|x64.ActiveCfg = Release|x64
		{B3CDB27D-7AB7-42BC-8387-90C26F0D609B}.Release|x64.Build.0 = Release|x64
		{B3CDB27D-7AB7-42BC-8387-90C26F0D609B}.Release|x64.Deploy.0 = Release|x64
		{B3CDB27D-7AB7-42BC-8387-90C26F0D609B}.Release|x86.ActiveCfg = Release|x86
		{B3CDB27D-7AB7-42BC-8387-90C26F0D609B}.Release|x86.Build.0 = Release|x86
		{B3CDB27D-7AB7-42BC-8387-90C26F0D609B}.Release|x86.Deploy.0 = Release|x86
		{62494DAB-6359-42E7-967F-1E2DB47F3ABF}.Debug|ARM.ActiveCfg = Debug|ARM
		{62494DAB-6359-42E7-967F-1E2DB47F3ABF}.Debug|ARM.Build.0 = Debug|ARM
		{62494DAB-6359-42E7-967F-1E2DB47F3ABF}.Debug|ARM.Deploy.0 = Debug|ARM
		{62494DAB-6359-42E7-967F-1E2DB47F3ABF}.Debug|x64.ActiveCfg = Debug|x64
		{62494DAB-6359-42E7-967F-1E2DB47F3ABF}.Debug|x64.Build.0 = Debug|x64
		{62494DAB-6359-42E7-967F-1E2DB47F3ABF}.Debug|x64.Deploy.0 = Debug|x64
		{62494DAB-6359-42E7-967F-1E2DB47F3ABF}.Debug|x86.ActiveCfg = Debug|x86
		{62494DAB-6359-42E7-967F-1E2DB47F3ABF}.Debug|x86.Build.0 = Debug|x86
		{62494DAB-6359-42E7-967F-1E2DB47F3ABF}.Debug|x86.Deploy.0 = Debug|x86
		{62494DAB-6359-42E7-967F-1E2DB47F3ABF}.Release|ARM.ActiveCfg = Release|ARM
		{62494DAB-6359-42E7-967F-1E2DB47F3ABF}.Release|ARM.Build.0 = Release|ARM
		{62494DAB-6359-42E7-967F-1E2DB47F3ABF}.Release|ARM.Deploy.0 = Release|ARM
		{62494DAB-6359-42E7-967F-1E2DB47F3ABF}.Release|x64.ActiveCfg = Release|x64
		{62494DAB-6359-42E7-967F-1E2DB47F3ABF}.Release|x64.Build.0 = Release|x64
		{62494DAB-6359-42E7-967F-1E2DB47F3ABF}.Release|x64.Deploy.0 = Release|x64
		{62494DAB-6359-42E7-967F-1E2DB47F3ABF}.Release|x86.ActiveCfg = Release|x86
		{62494DAB-6359-42E7-967F-1E2DB47F3ABF}.Release|x86.Build.0 = Release|x86
		{62494DAB-6359-42E7-967F-1E2DB47F3ABF}.Release|x86.Deploy.0 = Release|x86
		{675353C2-EE85-45D1-B8F4-1AEEFB9CF0B2}.Debug|ARM.ActiveCfg = Debug|ARM
		{675353C2-EE85-45D1-B8F4-1AEEFB9CF0B2}.Debug|ARM.Build.0 = Debug|ARM
		{675353C2-EE85-45D1-B8F4-1AEEFB9CF0B2}.Debug|ARM.Deploy.0 = Debug|ARM
		{675353C2-EE85-45D1-B8F4-1AEEFB9CF0B2}.Debug|x64.ActiveCfg = Debug|x64
		{675353C2-EE85-45D1-B8F4-1AEEFB9CF0B2}.Debug|x64.Build.0 = Debug|x64
		{675353C2-EE85-45D1-B8F4-1AEEFB9CF0B2}.Debug|x64.Deploy.0 = Debug|x64
		{675353C2-EE85-45D1-B8F4-1AEEFB9CF0B2}.Debug|x86.ActiveCfg = Debug|x86
		{675353C2-EE85-45D1-B8F4-1AEEFB9CF0B2}.Debug|x86.Build.0 = Debug|x86
		{675353C2-EE85-45D1-B8F4-1AEEFB9CF0B2}.Debug|x86.Deploy.0 = Debug|x86
		{675353C2-EE85-45D1-B8F4-1AEEFB9CF0B2}.Release|ARM.ActiveCfg = Release|ARM
		{675353C2-EE85-45D1-B8F4-1AEEFB9CF0B2}.Release|ARM.Build.0 = Release|ARM
		{675353C2-EE85-45D1-B8F4-1AEEFB9CF0B2}.Release|ARM.Deploy.0 = Release|ARM
		{675353C2-EE85-45D1-B8F4-1AEEFB9CF0B2}.Release|x64.ActiveCfg = Release|x64
		{675353C2-EE85-45D1-B8F4-1AEEFB9CF0B2}.Release|x64.Build.0 = Release|x64
		{675353C2-EE85-45D1-B8F4-1AEEFB9CF0B2}.Release|x64.Deploy.0 = Release|x64
		{675353C2-EE85-45D1-B8F4-1AEEFB9CF0B2}.Release|x86.ActiveCfg = Release|x86
		{675353C2-EE85-45D1-B8F4-1AEEFB9CF0B2}.Release|x86.Build.0 = Release|x86
		{675353C2-EE85-45D1-B8F4-1AEEFB9CF0B2}.Release|x86.Deploy.0 = Release|x86
		{EC6FB4CF-9E70-4953-AB24-190F16FAA742}.Debug|ARM.ActiveCfg = Debug|ARM
		{EC6FB4CF-9E70-4953-AB24-190F16FAA742}.Debug|ARM.Build.0 = Debug|ARM
		{EC6FB4CF-9E70-4953-AB24-190F16FAA742}.Debug|ARM.Deploy.0 = Debug|ARM
		{EC6FB4CF-9E70-4953-AB24-190F16FAA742}.Debug|x64.ActiveCfg = Debug|x64
		{EC6FB4CF-9E70-4953-AB24-190F16FAA742}.Debug|x64.Build.0 = Debug|x64
		{EC6FB4CF-9E70-4953-AB24-190F16FAA742}.Debug|x64.Deploy.0 = Debug|x64
		{EC6FB4CF-9E70-4953-AB24-190F16FAA742}.Debug|x86.ActiveCfg = Debug|x86
		{EC6FB4CF-9E70-4953-AB24-190F16FAA742}.Debug|x86.Build.0 = Debug|x86
		{EC6FB4CF-9E70-4953-AB24-190F16FAA742}.Debug|x86.Deploy.0 = Debug|x86
		{EC6FB4CF-9E70-4953-AB24-190F16FAA742}.Release|ARM.ActiveCfg = Release|ARM
		{EC6FB4CF-9E70-4953-AB24-190F16FAA742}.Release|ARM.Build.0 = Release|ARM
		{EC6FB4CF-9E70-4953-AB24-190F16FAA742}.Release|ARM.Deploy.0 = Release|ARM
		{EC6FB4CF-9E70-4953-AB24-190F16FAA742}.Release|x64.ActiveCfg = Release|x64
		{EC6FB4CF-9E70-4953-AB24-190F16FAA742}.Release|x64.Build.0 = Release|x64
		{EC6FB4CF-9E70-4953-AB24-190F16FAA742}.Release|x64.Deploy.0 = Release|x64
		{EC6FB4CF-9E70-4953-AB24-190F16FAA742}.Release|x86.ActiveCfg = Release|x86
		{EC6FB4CF-9E70-4953-AB24-190F16FAA742}.Release|x86.Build.0 = Release|x86
		{EC6FB4CF-9E70-4953-AB24-190F16FAA742}.Release|x86.Deploy.0 = Release|x86
		{DBC8724A-F1B9-4726-A88E-1C3F0C40624A}.Debug|ARM.ActiveCfg = Debug|ARM
		{DBC8724A-F1B9-4726-A88E-1C3F0C40624A}.Debug|ARM.Build.0 = Debug|ARM
		{DBC8724A-F1B9-4726-A88E-1C3F0C40624A}.Debug|ARM.Deploy.0 = Debug|ARM
		{DBC8724A-F1B9-4726-A88E-1C3F0C40624A}.Debug|x64.ActiveCfg = Debug|x64
		{DBC8724A-F1B9-4726-A88E-1C3F0C40624A}.Debug|x64.Build.0 = Debug|x64
		{DBC8724A-F1B9-4726-A88E-1C3F0C40624A}.Debug|x64.Deploy.0 = Debug|x64
		{DBC8724A-F1B9-4726-A88E-1C3F0C40624A}.Debug|x86.ActiveCfg = Debug|x86
		{DBC8724A-F1B9-4726-A88E-1C3F0C40624A}.Debug|x86.Build.0 = Debug|x86
		{DBC8724A-F1B9-4726-A88E-1C3F0C40624A}.Debug|x86.Deploy.0 = Debug|x86
		{DBC8724A-F1B9-4726-A88E-1C3F0C40624A}.Release|ARM.ActiveCfg = Release|ARM
		{DBC8724A-F1B9-4726-A88E-1C3F0C40624A}.Release|ARM.Build.0 = Release|ARM
		{DBC8724A-F1B9-4726-A88E-1C3F0C40624A}.Release|ARM.Deploy.0 = Release|ARM
		{DBC8724A-F1B9-4726-A88E-1C3F0C40624A}.Release|x64.ActiveCfg = Release|x64
		{DBC8724A-F1B9-4726-A88E-1C3F0C40624A}.Release|x64.Build.0 = Release|x64
		{DBC8724A-F1B9-4726-A88E-1C3F0C40624A}.Release|x64.Deploy.0 = Release|x64
		{DBC8724A-F1B9-4726-A88E-1C3F0C40624A}.Release|x86.ActiveCfg = Release|x86
		{DBC8724A-F1B9-4726-A88E-1C3F0C40624A}.Release|x86.Build.0 = Release|x86
		{DBC8724A-F1B9-4726-A88E-1C3F0C40624A}.Release|x86.Deploy.0 = Release|x86
	EndGlobalSection
	GlobalSection(SolutionProperties) = preSolution
		HideSolutionNode = FALSE
	EndGlobalSection
EndGlobal
